
Microsoft Visual Studio Solution File, Format Version 12.00
# Visual Studio Version 17
VisualStudioVersion = 17.4.33110.190
MinimumVisualStudioVersion = 10.0.40219.1
Project("{FAE04EC0-301F-11D3-BF4B-00C04F79EFBC}") = "BatteryMonitorService", "BatteryMonitorService\BatteryMonitorService.csproj", "{16DBBB0B-FD78-4C7E-8B61-C789DDAA9CDB}"
EndProject
Global
	GlobalSection(SolutionConfigurationPlatforms) = preSolution
		Debug|Any CPU = Debug|Any CPU
		Release|Any CPU = Release|Any CPU
	EndGlobalSection
	GlobalSection(ProjectConfigurationPlatforms) = postSolution
		{16DBBB0B-FD78-4C7E-8B61-C789DDAA9CDB}.Debug|Any CPU.ActiveCfg = Debug|Any CPU
		{16DBBB0B-FD78-4C7E-8B61-C789DDAA9CDB}.Debug|Any CPU.Build.0 = Debug|Any CPU
		{16DBBB0B-FD78-4C7E-8B61-C789DDAA9CDB}.Release|Any CPU.ActiveCfg = Release|Any CPU
		{16DBBB0B-FD78-4C7E-8B61-C789DDAA9CDB}.Release|Any CPU.Build.0 = Release|Any CPU
	EndGlobalSection
	GlobalSection(SolutionProperties) = preSolution
		HideSolutionNode = FALSE
	EndGlobalSection
	GlobalSection(ExtensibilityGlobals) = postSolution
		SolutionGuid = {61101634-7B87-47C4-9A5E-19AF39324723}
	EndGlobalSection
EndGlobal
